
Microsoft Visual Studio Solution File, Format Version 12.00
# Visual Studio Version 16
VisualStudioVersion = 16.0.30320.27
MinimumVisualStudioVersion = 10.0.40219.1
Project("{9A19103F-16F7-4668-BE54-9A1E7A4F7556}") = "MenuGenerator", "MenuGenerator.csproj", "{1702D2A8-40EF-4265-A98C-D1EF5080101B}"
EndProject
Project("{9A19103F-16F7-4668-BE54-9A1E7A4F7556}") = "menu_demo", "menu_demo.csproj", "{157A08A4-5E69-46BE-A6AD-6B7D7036CCCE}"
EndProject
Global
	GlobalSection(SolutionConfigurationPlatforms) = preSolution
		Debug|Any CPU = Debug|Any CPU
		Release|Any CPU = Release|Any CPU
	EndGlobalSection
	GlobalSection(ProjectConfigurationPlatforms) = postSolution
		{1702D2A8-40EF-4265-A98C-D1EF5080101B}.Debug|Any CPU.ActiveCfg = Debug|Any CPU
		{1702D2A8-40EF-4265-A98C-D1EF5080101B}.Debug|Any CPU.Build.0 = Debug|Any CPU
		{1702D2A8-40EF-4265-A98C-D1EF5080101B}.Release|Any CPU.ActiveCfg = Release|Any CPU
		{1702D2A8-40EF-4265-A98C-D1EF5080101B}.Release|Any CPU.Build.0 = Release|Any CPU
		{157A08A4-5E69-46BE-A6AD-6B7D7036CCCE}.Debug|Any CPU.ActiveCfg = Debug|Any CPU
		{157A08A4-5E69-46BE-A6AD-6B7D7036CCCE}.Debug|Any CPU.Build.0 = Debug|Any CPU
		{157A08A4-5E69-46BE-A6AD-6B7D7036CCCE}.Release|Any CPU.ActiveCfg = Release|Any CPU
		{157A08A4-5E69-46BE-A6AD-6B7D7036CCCE}.Release|Any CPU.Build.0 = Release|Any CPU
	EndGlobalSection
	GlobalSection(SolutionProperties) = preSolution
		HideSolutionNode = FALSE
	EndGlobalSection
	GlobalSection(ExtensibilityGlobals) = postSolution
		SolutionGuid = {62255233-4D06-46A6-96A1-223850BA706C}
	EndGlobalSection
EndGlobal
