
Microsoft Visual Studio Solution File, Format Version 12.00
# Visual Studio Version 16
VisualStudioVersion = 16.0.30320.27
MinimumVisualStudioVersion = 10.0.40219.1
Project("{FAE04EC0-301F-11D3-BF4B-00C04F79EFBC}") = "MenuGenerator", "MenuGenerator.csproj", "{1702D2A8-40EF-4265-A98C-D1EF5080101B}"
EndProject
Project("{FAE04EC0-301F-11D3-BF4B-00C04F79EFBC}") = "menu_demo", "..\menu_demo\menu_demo.csproj", "{03C33F9F-48A7-4F69-8CF8-D3979148CC55}"
EndProject
Global
	GlobalSection(SolutionConfigurationPlatforms) = preSolution
		Debug|Any CPU = Debug|Any CPU
		Release|Any CPU = Release|Any CPU
	EndGlobalSection
	GlobalSection(ProjectConfigurationPlatforms) = postSolution
		{1702D2A8-40EF-4265-A98C-D1EF5080101B}.Debug|Any CPU.ActiveCfg = Debug|Any CPU
		{1702D2A8-40EF-4265-A98C-D1EF5080101B}.Debug|Any CPU.Build.0 = Debug|Any CPU
		{1702D2A8-40EF-4265-A98C-D1EF5080101B}.Release|Any CPU.ActiveCfg = Release|Any CPU
		{1702D2A8-40EF-4265-A98C-D1EF5080101B}.Release|Any CPU.Build.0 = Release|Any CPU
		{03C33F9F-48A7-4F69-8CF8-D3979148CC55}.Debug|Any CPU.ActiveCfg = Debug|Any CPU
		{03C33F9F-48A7-4F69-8CF8-D3979148CC55}.Debug|Any CPU.Build.0 = Debug|Any CPU
		{03C33F9F-48A7-4F69-8CF8-D3979148CC55}.Release|Any CPU.ActiveCfg = Release|Any CPU
		{03C33F9F-48A7-4F69-8CF8-D3979148CC55}.Release|Any CPU.Build.0 = Release|Any CPU
	EndGlobalSection
	GlobalSection(SolutionProperties) = preSolution
		HideSolutionNode = FALSE
	EndGlobalSection
	GlobalSection(ExtensibilityGlobals) = postSolution
		SolutionGuid = {62255233-4D06-46A6-96A1-223850BA706C}
	EndGlobalSection
EndGlobal
